
Microsoft Visual Studio Solution File, Format Version 12.00
# Visual Studio Version 16
VisualStudioVersion = 16.0.30626.31
MinimumVisualStudioVersion = 10.0.40219.1
Project("{FAE04EC0-301F-11D3-BF4B-00C04F79EFBC}") = "MQProducer", "MQProducer\MQProducer.csproj", "{0332EF2C-529C-4B79-9EAC-E378DC456813}"
EndProject
Project("{FAE04EC0-301F-11D3-BF4B-00C04F79EFBC}") = "MQConsumer", "MQConsumer\MQConsumer.csproj", "{6FCC0F47-0E16-4383-904B-0D61C37B4EBD}"
EndProject
Global
	GlobalSection(SolutionConfigurationPlatforms) = preSolution
		Debug|Any CPU = Debug|Any CPU
		Release|Any CPU = Release|Any CPU
	EndGlobalSection
	GlobalSection(ProjectConfigurationPlatforms) = postSolution
		{0332EF2C-529C-4B79-9EAC-E378DC456813}.Debug|Any CPU.ActiveCfg = Debug|Any CPU
		{0332EF2C-529C-4B79-9EAC-E378DC456813}.Debug|Any CPU.Build.0 = Debug|Any CPU
		{0332EF2C-529C-4B79-9EAC-E378DC456813}.Release|Any CPU.ActiveCfg = Release|Any CPU
		{0332EF2C-529C-4B79-9EAC-E378DC456813}.Release|Any CPU.Build.0 = Release|Any CPU
		{6FCC0F47-0E16-4383-904B-0D61C37B4EBD}.Debug|Any CPU.ActiveCfg = Debug|Any CPU
		{6FCC0F47-0E16-4383-904B-0D61C37B4EBD}.Debug|Any CPU.Build.0 = Debug|Any CPU
		{6FCC0F47-0E16-4383-904B-0D61C37B4EBD}.Release|Any CPU.ActiveCfg = Release|Any CPU
		{6FCC0F47-0E16-4383-904B-0D61C37B4EBD}.Release|Any CPU.Build.0 = Release|Any CPU
	EndGlobalSection
	GlobalSection(SolutionProperties) = preSolution
		HideSolutionNode = FALSE
	EndGlobalSection
	GlobalSection(ExtensibilityGlobals) = postSolution
		SolutionGuid = {6EAA4F21-2802-49A8-B092-5F8E09BB6656}
	EndGlobalSection
EndGlobal
